
Microsoft Visual Studio Solution File, Format Version 12.00
# Visual Studio 15
VisualStudioVersion = 15.0.28010.2036
MinimumVisualStudioVersion = 10.0.40219.1
Project("{FAE04EC0-301F-11D3-BF4B-00C04F79EFBC}") = "Lesson3", "Lesson3\Lesson3.csproj", "{1CA2D622-470E-40B3-980E-D7F869C33FDA}"
EndProject
Global
	GlobalSection(SolutionConfigurationPlatforms) = preSolution
		Debug|Any CPU = Debug|Any CPU
		Release|Any CPU = Release|Any CPU
	EndGlobalSection
	GlobalSection(ProjectConfigurationPlatforms) = postSolution
		{1CA2D622-470E-40B3-980E-D7F869C33FDA}.Debug|Any CPU.ActiveCfg = Debug|Any CPU
		{1CA2D622-470E-40B3-980E-D7F869C33FDA}.Debug|Any CPU.Build.0 = Debug|Any CPU
		{1CA2D622-470E-40B3-980E-D7F869C33FDA}.Release|Any CPU.ActiveCfg = Release|Any CPU
		{1CA2D622-470E-40B3-980E-D7F869C33FDA}.Release|Any CPU.Build.0 = Release|Any CPU
	EndGlobalSection
	GlobalSection(SolutionProperties) = preSolution
		HideSolutionNode = FALSE
	EndGlobalSection
	GlobalSection(ExtensibilityGlobals) = postSolution
		SolutionGuid = {88B681B3-2355-45AE-B065-2D21AB4D368E}
	EndGlobalSection
EndGlobal
