
Microsoft Visual Studio Solution File, Format Version 12.00
# Visual Studio 15
VisualStudioVersion = 15.0.28010.2036
MinimumVisualStudioVersion = 10.0.40219.1
Project("{FAE04EC0-301F-11D3-BF4B-00C04F79EFBC}") = "Lesson4", "Lesson4\Lesson4.csproj", "{9E3A34EE-7720-44CB-A212-36246D5BE586}"
EndProject
Project("{FAE04EC0-301F-11D3-BF4B-00C04F79EFBC}") = "MyArray", "MyArray\MyArray.csproj", "{9F62BDC6-1389-4FAD-9046-3592238390A5}"
EndProject
Project("{FAE04EC0-301F-11D3-BF4B-00C04F79EFBC}") = "DiArray", "DiArray\DiArray.csproj", "{07E2F6E2-33E8-404B-8018-686B09ED351B}"
EndProject
Global
	GlobalSection(SolutionConfigurationPlatforms) = preSolution
		Debug|Any CPU = Debug|Any CPU
		Release|Any CPU = Release|Any CPU
	EndGlobalSection
	GlobalSection(ProjectConfigurationPlatforms) = postSolution
		{9E3A34EE-7720-44CB-A212-36246D5BE586}.Debug|Any CPU.ActiveCfg = Debug|Any CPU
		{9E3A34EE-7720-44CB-A212-36246D5BE586}.Debug|Any CPU.Build.0 = Debug|Any CPU
		{9E3A34EE-7720-44CB-A212-36246D5BE586}.Release|Any CPU.ActiveCfg = Release|Any CPU
		{9E3A34EE-7720-44CB-A212-36246D5BE586}.Release|Any CPU.Build.0 = Release|Any CPU
		{9F62BDC6-1389-4FAD-9046-3592238390A5}.Debug|Any CPU.ActiveCfg = Debug|Any CPU
		{9F62BDC6-1389-4FAD-9046-3592238390A5}.Debug|Any CPU.Build.0 = Debug|Any CPU
		{9F62BDC6-1389-4FAD-9046-3592238390A5}.Release|Any CPU.ActiveCfg = Release|Any CPU
		{9F62BDC6-1389-4FAD-9046-3592238390A5}.Release|Any CPU.Build.0 = Release|Any CPU
		{07E2F6E2-33E8-404B-8018-686B09ED351B}.Debug|Any CPU.ActiveCfg = Debug|Any CPU
		{07E2F6E2-33E8-404B-8018-686B09ED351B}.Debug|Any CPU.Build.0 = Debug|Any CPU
		{07E2F6E2-33E8-404B-8018-686B09ED351B}.Release|Any CPU.ActiveCfg = Release|Any CPU
		{07E2F6E2-33E8-404B-8018-686B09ED351B}.Release|Any CPU.Build.0 = Release|Any CPU
	EndGlobalSection
	GlobalSection(SolutionProperties) = preSolution
		HideSolutionNode = FALSE
	EndGlobalSection
	GlobalSection(ExtensibilityGlobals) = postSolution
		SolutionGuid = {7CCF8461-791A-4B35-B385-CD17AFF70994}
	EndGlobalSection
EndGlobal
